
Microsoft Visual Studio Solution File, Format Version 12.00
# Visual Studio 15
VisualStudioVersion = 15.0.28010.2026
MinimumVisualStudioVersion = 10.0.40219.1
Project("{E24C65DC-7377-472B-9ABA-BC803B73C61A}") = "MiniProject", "MiniProject\", "{90E25D5A-A9F0-4CD4-8886-1CB69DD4C434}"
	ProjectSection(WebsiteProperties) = preProject
		TargetFrameworkMoniker = ".NETFramework,Version%3Dv4.6.1"
		Debug.AspNetCompiler.VirtualPath = "/localhost_51925"
		Debug.AspNetCompiler.PhysicalPath = "MiniProject\"
		Debug.AspNetCompiler.TargetPath = "PrecompiledWeb\localhost_51925\"
		Debug.AspNetCompiler.Updateable = "true"
		Debug.AspNetCompiler.ForceOverwrite = "true"
		Debug.AspNetCompiler.FixedNames = "false"
		Debug.AspNetCompiler.Debug = "True"
		Release.AspNetCompiler.VirtualPath = "/localhost_51925"
		Release.AspNetCompiler.PhysicalPath = "MiniProject\"
		Release.AspNetCompiler.TargetPath = "PrecompiledWeb\localhost_51925\"
		Release.AspNetCompiler.Updateable = "true"
		Release.AspNetCompiler.ForceOverwrite = "true"
		Release.AspNetCompiler.FixedNames = "false"
		Release.AspNetCompiler.Debug = "False"
		VWDPort = "51925"
		DefaultWebSiteLanguage = "Visual C#"
	EndProjectSection
EndProject
Global
	GlobalSection(SolutionConfigurationPlatforms) = preSolution
		Debug|Any CPU = Debug|Any CPU
	EndGlobalSection
	GlobalSection(ProjectConfigurationPlatforms) = postSolution
		{90E25D5A-A9F0-4CD4-8886-1CB69DD4C434}.Debug|Any CPU.ActiveCfg = Debug|Any CPU
		{90E25D5A-A9F0-4CD4-8886-1CB69DD4C434}.Debug|Any CPU.Build.0 = Debug|Any CPU
	EndGlobalSection
	GlobalSection(SolutionProperties) = preSolution
		HideSolutionNode = FALSE
	EndGlobalSection
	GlobalSection(ExtensibilityGlobals) = postSolution
		SolutionGuid = {8CC18B50-F2D2-42CC-9DE3-35FFCCC51CFD}
	EndGlobalSection
EndGlobal
